// !$*UTF8*$!
{
	archiveVersion = 1;
	classes = {
	};
	objectVersion = 56;
	objects = {

/* Begin PBXBuildFile section */
		57222BEA686FA8EFFD038A24 /* Pods_Spotify.framework in Frameworks */ = {isa = PBXBuildFile; fileRef = 6B48AF6AA7F926F9C837955A /* Pods_Spotify.framework */; };
		EB0091F82A0185300071E0E1 /* Extensions.swift in Sources */ = {isa = PBXBuildFile; fileRef = EB0091F72A0185300071E0E1 /* Extensions.swift */; };
		EB0091FC2A01A87F0071E0E1 /* AuthResponse.swift in Sources */ = {isa = PBXBuildFile; fileRef = EB0091FB2A01A87F0071E0E1 /* AuthResponse.swift */; };
		EB1A628C2A0C301100B703DA /* AlbumViewController.swift in Sources */ = {isa = PBXBuildFile; fileRef = EB1A628B2A0C301100B703DA /* AlbumViewController.swift */; };
		EB1A628E2A0C37B600B703DA /* AlbumDetailsResponse.swift in Sources */ = {isa = PBXBuildFile; fileRef = EB1A628D2A0C37B600B703DA /* AlbumDetailsResponse.swift */; };
		EB1A62902A0C3AEC00B703DA /* PlayListDetailsResponse.swift in Sources */ = {isa = PBXBuildFile; fileRef = EB1A628F2A0C3AEC00B703DA /* PlayListDetailsResponse.swift */; };
		EB2483032A08EE1D00E8488E /* NewReleasesCollectionViewCell.swift in Sources */ = {isa = PBXBuildFile; fileRef = EB2483022A08EE1D00E8488E /* NewReleasesCollectionViewCell.swift */; };
		EB2483052A08EE4300E8488E /* FeaturedPlaylistCollectionViewCell.swift in Sources */ = {isa = PBXBuildFile; fileRef = EB2483042A08EE4300E8488E /* FeaturedPlaylistCollectionViewCell.swift */; };
		EB2483072A08EE5500E8488E /* RecommendedTrackCollectionViewCell.swift in Sources */ = {isa = PBXBuildFile; fileRef = EB2483062A08EE5500E8488E /* RecommendedTrackCollectionViewCell.swift */; };
		EB54757029FFA9EF0031BB5B /* AppDelegate.swift in Sources */ = {isa = PBXBuildFile; fileRef = EB54756F29FFA9EF0031BB5B /* AppDelegate.swift */; };
		EB54757229FFA9EF0031BB5B /* SceneDelegate.swift in Sources */ = {isa = PBXBuildFile; fileRef = EB54757129FFA9EF0031BB5B /* SceneDelegate.swift */; };
		EB54757429FFA9EF0031BB5B /* HomeViewController.swift in Sources */ = {isa = PBXBuildFile; fileRef = EB54757329FFA9EF0031BB5B /* HomeViewController.swift */; };
		EB54757929FFA9F00031BB5B /* Assets.xcassets in Resources */ = {isa = PBXBuildFile; fileRef = EB54757829FFA9F00031BB5B /* Assets.xcassets */; };
		EB54757C29FFA9F00031BB5B /* LaunchScreen.storyboard in Resources */ = {isa = PBXBuildFile; fileRef = EB54757A29FFA9F00031BB5B /* LaunchScreen.storyboard */; };
		EB69803029FFB09A00AB4D9D /* SearchViewController.swift in Sources */ = {isa = PBXBuildFile; fileRef = EB69802F29FFB09A00AB4D9D /* SearchViewController.swift */; };
		EB69803229FFB0A600AB4D9D /* LibraryViewController.swift in Sources */ = {isa = PBXBuildFile; fileRef = EB69803129FFB0A600AB4D9D /* LibraryViewController.swift */; };
		EB69803429FFB0C100AB4D9D /* TabBarViewController.swift in Sources */ = {isa = PBXBuildFile; fileRef = EB69803329FFB0C100AB4D9D /* TabBarViewController.swift */; };
		EB69803D29FFE41600AB4D9D /* AuthViewController.swift in Sources */ = {isa = PBXBuildFile; fileRef = EB69803C29FFE41600AB4D9D /* AuthViewController.swift */; };
		EB69804029FFE42D00AB4D9D /* WelcomeViewController.swift in Sources */ = {isa = PBXBuildFile; fileRef = EB69803F29FFE42D00AB4D9D /* WelcomeViewController.swift */; };
		EB69804229FFE43900AB4D9D /* SettingsViewController.swift in Sources */ = {isa = PBXBuildFile; fileRef = EB69804129FFE43900AB4D9D /* SettingsViewController.swift */; };
		EB69804429FFE44300AB4D9D /* ProfileViewController.swift in Sources */ = {isa = PBXBuildFile; fileRef = EB69804329FFE44300AB4D9D /* ProfileViewController.swift */; };
		EB69804629FFE44C00AB4D9D /* PlayerViewController.swift in Sources */ = {isa = PBXBuildFile; fileRef = EB69804529FFE44C00AB4D9D /* PlayerViewController.swift */; };
		EB69804829FFE45900AB4D9D /* PlayListViewController.swift in Sources */ = {isa = PBXBuildFile; fileRef = EB69804729FFE45900AB4D9D /* PlayListViewController.swift */; };
		EB69804A29FFE46D00AB4D9D /* SearchResultsViewController.swift in Sources */ = {isa = PBXBuildFile; fileRef = EB69804929FFE46D00AB4D9D /* SearchResultsViewController.swift */; };
		EB69804C29FFE48F00AB4D9D /* AuthManager.swift in Sources */ = {isa = PBXBuildFile; fileRef = EB69804B29FFE48F00AB4D9D /* AuthManager.swift */; };
		EB69804E29FFE49700AB4D9D /* APICaller.swift in Sources */ = {isa = PBXBuildFile; fileRef = EB69804D29FFE49700AB4D9D /* APICaller.swift */; };
		EB69805029FFE4DE00AB4D9D /* HapticsManager.swift in Sources */ = {isa = PBXBuildFile; fileRef = EB69804F29FFE4DE00AB4D9D /* HapticsManager.swift */; };
		EB69805229FFE4F900AB4D9D /* PlayList.swift in Sources */ = {isa = PBXBuildFile; fileRef = EB69805129FFE4F900AB4D9D /* PlayList.swift */; };
		EB69805429FFE50100AB4D9D /* AudioTrack.swift in Sources */ = {isa = PBXBuildFile; fileRef = EB69805329FFE50100AB4D9D /* AudioTrack.swift */; };
		EB69805629FFE50B00AB4D9D /* Artist.swift in Sources */ = {isa = PBXBuildFile; fileRef = EB69805529FFE50B00AB4D9D /* Artist.swift */; };
		EB69805829FFE51600AB4D9D /* UserProfile.swift in Sources */ = {isa = PBXBuildFile; fileRef = EB69805729FFE51600AB4D9D /* UserProfile.swift */; };
		EB71BCBC2A05413F00379723 /* NewReleasesResponse.swift in Sources */ = {isa = PBXBuildFile; fileRef = EB71BCBB2A05413F00379723 /* NewReleasesResponse.swift */; };
		EB71BCBE2A05446C00379723 /* APIImage.swift in Sources */ = {isa = PBXBuildFile; fileRef = EB71BCBD2A05446C00379723 /* APIImage.swift */; };
		EB71BCC02A054D0700379723 /* FeaturedPlayListResponse.swift in Sources */ = {isa = PBXBuildFile; fileRef = EB71BCBF2A054D0700379723 /* FeaturedPlayListResponse.swift */; };
		EB71BCC22A0551F600379723 /* GenresResponse.swift in Sources */ = {isa = PBXBuildFile; fileRef = EB71BCC12A0551F600379723 /* GenresResponse.swift */; };
		EB71BCC42A05556A00379723 /* Album.swift in Sources */ = {isa = PBXBuildFile; fileRef = EB71BCC32A05556A00379723 /* Album.swift */; };
		EB71BCC62A05558E00379723 /* RecommendationsResponse.swift in Sources */ = {isa = PBXBuildFile; fileRef = EB71BCC52A05558E00379723 /* RecommendationsResponse.swift */; };
		EB94DC3C2A0B9E200081A51A /* NewReleasesCellViewModel.swift in Sources */ = {isa = PBXBuildFile; fileRef = EB94DC3B2A0B9E200081A51A /* NewReleasesCellViewModel.swift */; };
		EB98C3152A0BEAE8002C28A9 /* FeaturedPlaylistsCellViewModel.swift in Sources */ = {isa = PBXBuildFile; fileRef = EB98C3142A0BEAE8002C28A9 /* FeaturedPlaylistsCellViewModel.swift */; };
		EB98C3172A0BEB2C002C28A9 /* RecommendedTracksCellViewModel.swift in Sources */ = {isa = PBXBuildFile; fileRef = EB98C3162A0BEB2C002C28A9 /* RecommendedTracksCellViewModel.swift */; };
		EBE28F652A03E5AC00B370A8 /* SettingsViewModel.swift in Sources */ = {isa = PBXBuildFile; fileRef = EBE28F642A03E5AC00B370A8 /* SettingsViewModel.swift */; };
/* End PBXBuildFile section */

/* Begin PBXFileReference section */
		6B48AF6AA7F926F9C837955A /* Pods_Spotify.framework */ = {isa = PBXFileReference; explicitFileType = wrapper.framework; includeInIndex = 0; path = Pods_Spotify.framework; sourceTree = BUILT_PRODUCTS_DIR; };
		AEE31D1ACA6F6F36F34E1BE0 /* Pods-Spotify.release.xcconfig */ = {isa = PBXFileReference; includeInIndex = 1; lastKnownFileType = text.xcconfig; name = "Pods-Spotify.release.xcconfig"; path = "Target Support Files/Pods-Spotify/Pods-Spotify.release.xcconfig"; sourceTree = "<group>"; };
		E2832E59082886D4D5E2C4CD /* Pods-Spotify.debug.xcconfig */ = {isa = PBXFileReference; includeInIndex = 1; lastKnownFileType = text.xcconfig; name = "Pods-Spotify.debug.xcconfig"; path = "Target Support Files/Pods-Spotify/Pods-Spotify.debug.xcconfig"; sourceTree = "<group>"; };
		EB0091F72A0185300071E0E1 /* Extensions.swift */ = {isa = PBXFileReference; lastKnownFileType = sourcecode.swift; path = Extensions.swift; sourceTree = "<group>"; };
		EB0091FB2A01A87F0071E0E1 /* AuthResponse.swift */ = {isa = PBXFileReference; lastKnownFileType = sourcecode.swift; path = AuthResponse.swift; sourceTree = "<group>"; };
		EB1A628B2A0C301100B703DA /* AlbumViewController.swift */ = {isa = PBXFileReference; lastKnownFileType = sourcecode.swift; path = AlbumViewController.swift; sourceTree = "<group>"; };
		EB1A628D2A0C37B600B703DA /* AlbumDetailsResponse.swift */ = {isa = PBXFileReference; lastKnownFileType = sourcecode.swift; path = AlbumDetailsResponse.swift; sourceTree = "<group>"; };
		EB1A628F2A0C3AEC00B703DA /* PlayListDetailsResponse.swift */ = {isa = PBXFileReference; lastKnownFileType = sourcecode.swift; path = PlayListDetailsResponse.swift; sourceTree = "<group>"; };
		EB2483022A08EE1D00E8488E /* NewReleasesCollectionViewCell.swift */ = {isa = PBXFileReference; lastKnownFileType = sourcecode.swift; path = NewReleasesCollectionViewCell.swift; sourceTree = "<group>"; };
		EB2483042A08EE4300E8488E /* FeaturedPlaylistCollectionViewCell.swift */ = {isa = PBXFileReference; lastKnownFileType = sourcecode.swift; path = FeaturedPlaylistCollectionViewCell.swift; sourceTree = "<group>"; };
		EB2483062A08EE5500E8488E /* RecommendedTrackCollectionViewCell.swift */ = {isa = PBXFileReference; lastKnownFileType = sourcecode.swift; path = RecommendedTrackCollectionViewCell.swift; sourceTree = "<group>"; };
		EB54756C29FFA9EF0031BB5B /* Spotify.app */ = {isa = PBXFileReference; explicitFileType = wrapper.application; includeInIndex = 0; path = Spotify.app; sourceTree = BUILT_PRODUCTS_DIR; };
		EB54756F29FFA9EF0031BB5B /* AppDelegate.swift */ = {isa = PBXFileReference; lastKnownFileType = sourcecode.swift; path = AppDelegate.swift; sourceTree = "<group>"; };
		EB54757129FFA9EF0031BB5B /* SceneDelegate.swift */ = {isa = PBXFileReference; lastKnownFileType = sourcecode.swift; path = SceneDelegate.swift; sourceTree = "<group>"; };
		EB54757329FFA9EF0031BB5B /* HomeViewController.swift */ = {isa = PBXFileReference; lastKnownFileType = sourcecode.swift; path = HomeViewController.swift; sourceTree = "<group>"; };
		EB54757829FFA9F00031BB5B /* Assets.xcassets */ = {isa = PBXFileReference; lastKnownFileType = folder.assetcatalog; path = Assets.xcassets; sourceTree = "<group>"; };
		EB54757B29FFA9F00031BB5B /* Base */ = {isa = PBXFileReference; lastKnownFileType = file.storyboard; name = Base; path = Base.lproj/LaunchScreen.storyboard; sourceTree = "<group>"; };
		EB54757D29FFA9F00031BB5B /* Info.plist */ = {isa = PBXFileReference; lastKnownFileType = text.plist.xml; path = Info.plist; sourceTree = "<group>"; };
		EB69802F29FFB09A00AB4D9D /* SearchViewController.swift */ = {isa = PBXFileReference; lastKnownFileType = sourcecode.swift; path = SearchViewController.swift; sourceTree = "<group>"; };
		EB69803129FFB0A600AB4D9D /* LibraryViewController.swift */ = {isa = PBXFileReference; lastKnownFileType = sourcecode.swift; path = LibraryViewController.swift; sourceTree = "<group>"; };
		EB69803329FFB0C100AB4D9D /* TabBarViewController.swift */ = {isa = PBXFileReference; lastKnownFileType = sourcecode.swift; path = TabBarViewController.swift; sourceTree = "<group>"; };
		EB69803C29FFE41600AB4D9D /* AuthViewController.swift */ = {isa = PBXFileReference; lastKnownFileType = sourcecode.swift; path = AuthViewController.swift; sourceTree = "<group>"; };
		EB69803F29FFE42D00AB4D9D /* WelcomeViewController.swift */ = {isa = PBXFileReference; lastKnownFileType = sourcecode.swift; name = WelcomeViewController.swift; path = ../../../WelcomeViewController.swift; sourceTree = "<group>"; };
		EB69804129FFE43900AB4D9D /* SettingsViewController.swift */ = {isa = PBXFileReference; lastKnownFileType = sourcecode.swift; path = SettingsViewController.swift; sourceTree = "<group>"; };
		EB69804329FFE44300AB4D9D /* ProfileViewController.swift */ = {isa = PBXFileReference; lastKnownFileType = sourcecode.swift; path = ProfileViewController.swift; sourceTree = "<group>"; };
		EB69804529FFE44C00AB4D9D /* PlayerViewController.swift */ = {isa = PBXFileReference; lastKnownFileType = sourcecode.swift; path = PlayerViewController.swift; sourceTree = "<group>"; };
		EB69804729FFE45900AB4D9D /* PlayListViewController.swift */ = {isa = PBXFileReference; lastKnownFileType = sourcecode.swift; path = PlayListViewController.swift; sourceTree = "<group>"; };
		EB69804929FFE46D00AB4D9D /* SearchResultsViewController.swift */ = {isa = PBXFileReference; lastKnownFileType = sourcecode.swift; path = SearchResultsViewController.swift; sourceTree = "<group>"; };
		EB69804B29FFE48F00AB4D9D /* AuthManager.swift */ = {isa = PBXFileReference; lastKnownFileType = sourcecode.swift; path = AuthManager.swift; sourceTree = "<group>"; };
		EB69804D29FFE49700AB4D9D /* APICaller.swift */ = {isa = PBXFileReference; lastKnownFileType = sourcecode.swift; path = APICaller.swift; sourceTree = "<group>"; };
		EB69804F29FFE4DE00AB4D9D /* HapticsManager.swift */ = {isa = PBXFileReference; lastKnownFileType = sourcecode.swift; path = HapticsManager.swift; sourceTree = "<group>"; };
		EB69805129FFE4F900AB4D9D /* PlayList.swift */ = {isa = PBXFileReference; lastKnownFileType = sourcecode.swift; path = PlayList.swift; sourceTree = "<group>"; };
		EB69805329FFE50100AB4D9D /* AudioTrack.swift */ = {isa = PBXFileReference; lastKnownFileType = sourcecode.swift; path = AudioTrack.swift; sourceTree = "<group>"; };
		EB69805529FFE50B00AB4D9D /* Artist.swift */ = {isa = PBXFileReference; lastKnownFileType = sourcecode.swift; path = Artist.swift; sourceTree = "<group>"; };
		EB69805729FFE51600AB4D9D /* UserProfile.swift */ = {isa = PBXFileReference; lastKnownFileType = sourcecode.swift; path = UserProfile.swift; sourceTree = "<group>"; };
		EB71BCBB2A05413F00379723 /* NewReleasesResponse.swift */ = {isa = PBXFileReference; lastKnownFileType = sourcecode.swift; path = NewReleasesResponse.swift; sourceTree = "<group>"; };
		EB71BCBD2A05446C00379723 /* APIImage.swift */ = {isa = PBXFileReference; lastKnownFileType = sourcecode.swift; path = APIImage.swift; sourceTree = "<group>"; };
		EB71BCBF2A054D0700379723 /* FeaturedPlayListResponse.swift */ = {isa = PBXFileReference; lastKnownFileType = sourcecode.swift; path = FeaturedPlayListResponse.swift; sourceTree = "<group>"; };
		EB71BCC12A0551F600379723 /* GenresResponse.swift */ = {isa = PBXFileReference; lastKnownFileType = sourcecode.swift; path = GenresResponse.swift; sourceTree = "<group>"; };
		EB71BCC32A05556A00379723 /* Album.swift */ = {isa = PBXFileReference; lastKnownFileType = sourcecode.swift; path = Album.swift; sourceTree = "<group>"; };
		EB71BCC52A05558E00379723 /* RecommendationsResponse.swift */ = {isa = PBXFileReference; lastKnownFileType = sourcecode.swift; path = RecommendationsResponse.swift; sourceTree = "<group>"; };
		EB94DC3B2A0B9E200081A51A /* NewReleasesCellViewModel.swift */ = {isa = PBXFileReference; lastKnownFileType = sourcecode.swift; path = NewReleasesCellViewModel.swift; sourceTree = "<group>"; };
		EB98C3142A0BEAE8002C28A9 /* FeaturedPlaylistsCellViewModel.swift */ = {isa = PBXFileReference; lastKnownFileType = sourcecode.swift; path = FeaturedPlaylistsCellViewModel.swift; sourceTree = "<group>"; };
		EB98C3162A0BEB2C002C28A9 /* RecommendedTracksCellViewModel.swift */ = {isa = PBXFileReference; lastKnownFileType = sourcecode.swift; path = RecommendedTracksCellViewModel.swift; sourceTree = "<group>"; };
		EBE28F642A03E5AC00B370A8 /* SettingsViewModel.swift */ = {isa = PBXFileReference; lastKnownFileType = sourcecode.swift; path = SettingsViewModel.swift; sourceTree = "<group>"; };
/* End PBXFileReference section */

/* Begin PBXFrameworksBuildPhase section */
		EB54756929FFA9EF0031BB5B /* Frameworks */ = {
			isa = PBXFrameworksBuildPhase;
			buildActionMask = 2147483647;
			files = (
				57222BEA686FA8EFFD038A24 /* Pods_Spotify.framework in Frameworks */,
			);
			runOnlyForDeploymentPostprocessing = 0;
		};
/* End PBXFrameworksBuildPhase section */

/* Begin PBXGroup section */
		7E5C40EF8CB792124DEC9767 /* Frameworks */ = {
			isa = PBXGroup;
			children = (
				6B48AF6AA7F926F9C837955A /* Pods_Spotify.framework */,
			);
			name = Frameworks;
			sourceTree = "<group>";
		};
		9D63F171D19C6F53DAFA7A39 /* Pods */ = {
			isa = PBXGroup;
			children = (
				E2832E59082886D4D5E2C4CD /* Pods-Spotify.debug.xcconfig */,
				AEE31D1ACA6F6F36F34E1BE0 /* Pods-Spotify.release.xcconfig */,
			);
			path = Pods;
			sourceTree = "<group>";
		};
		EB2483012A08EDE100E8488E /* Browse */ = {
			isa = PBXGroup;
			children = (
				EB2483022A08EE1D00E8488E /* NewReleasesCollectionViewCell.swift */,
				EB2483042A08EE4300E8488E /* FeaturedPlaylistCollectionViewCell.swift */,
				EB2483062A08EE5500E8488E /* RecommendedTrackCollectionViewCell.swift */,
			);
			path = Browse;
			sourceTree = "<group>";
		};
		EB54756329FFA9EF0031BB5B = {
			isa = PBXGroup;
			children = (
				EB54756E29FFA9EF0031BB5B /* Spotify */,
				EB54756D29FFA9EF0031BB5B /* Products */,
				9D63F171D19C6F53DAFA7A39 /* Pods */,
				7E5C40EF8CB792124DEC9767 /* Frameworks */,
			);
			sourceTree = "<group>";
		};
		EB54756D29FFA9EF0031BB5B /* Products */ = {
			isa = PBXGroup;
			children = (
				EB54756C29FFA9EF0031BB5B /* Spotify.app */,
			);
			name = Products;
			sourceTree = "<group>";
		};
		EB54756E29FFA9EF0031BB5B /* Spotify */ = {
			isa = PBXGroup;
			children = (
				EB54758629FFAA180031BB5B /* Controller */,
				EB54758429FFAA080031BB5B /* Model */,
				EB54758729FFAA1E0031BB5B /* ViewModel */,
				EB54758529FFAA130031BB5B /* View */,
				EB54758829FFAA280031BB5B /* Managers */,
				EB54758929FFAA2E0031BB5B /* Resources */,
				EB54757D29FFA9F00031BB5B /* Info.plist */,
			);
			path = Spotify;
			sourceTree = "<group>";
		};
		EB54758429FFAA080031BB5B /* Model */ = {
			isa = PBXGroup;
			children = (
				EB69805129FFE4F900AB4D9D /* PlayList.swift */,
				EB69805329FFE50100AB4D9D /* AudioTrack.swift */,
				EB69805529FFE50B00AB4D9D /* Artist.swift */,
				EB71BCC32A05556A00379723 /* Album.swift */,
				EB69805729FFE51600AB4D9D /* UserProfile.swift */,
				EB0091FB2A01A87F0071E0E1 /* AuthResponse.swift */,
				EB71BCBB2A05413F00379723 /* NewReleasesResponse.swift */,
				EB71BCBD2A05446C00379723 /* APIImage.swift */,
				EB71BCBF2A054D0700379723 /* FeaturedPlayListResponse.swift */,
				EB71BCC12A0551F600379723 /* GenresResponse.swift */,
				EB71BCC52A05558E00379723 /* RecommendationsResponse.swift */,
				EB1A628D2A0C37B600B703DA /* AlbumDetailsResponse.swift */,
				EB1A628F2A0C3AEC00B703DA /* PlayListDetailsResponse.swift */,
			);
			path = Model;
			sourceTree = "<group>";
		};
		EB54758529FFAA130031BB5B /* View */ = {
			isa = PBXGroup;
			children = (
				EB2483012A08EDE100E8488E /* Browse */,
				EB54757A29FFA9F00031BB5B /* LaunchScreen.storyboard */,
			);
			path = View;
			sourceTree = "<group>";
		};
		EB54758629FFAA180031BB5B /* Controller */ = {
			isa = PBXGroup;
			children = (
				EB69803629FFD3F000AB4D9D /* Other */,
				EB69803529FFD3E300AB4D9D /* Core */,
			);
			path = Controller;
			sourceTree = "<group>";
		};
		EB54758729FFAA1E0031BB5B /* ViewModel */ = {
			isa = PBXGroup;
			children = (
				EBE28F642A03E5AC00B370A8 /* SettingsViewModel.swift */,
				EB94DC3B2A0B9E200081A51A /* NewReleasesCellViewModel.swift */,
				EB98C3142A0BEAE8002C28A9 /* FeaturedPlaylistsCellViewModel.swift */,
				EB98C3162A0BEB2C002C28A9 /* RecommendedTracksCellViewModel.swift */,
			);
			path = ViewModel;
			sourceTree = "<group>";
		};
		EB54758829FFAA280031BB5B /* Managers */ = {
			isa = PBXGroup;
			children = (
				EB69804B29FFE48F00AB4D9D /* AuthManager.swift */,
				EB69804D29FFE49700AB4D9D /* APICaller.swift */,
				EB69804F29FFE4DE00AB4D9D /* HapticsManager.swift */,
			);
			path = Managers;
			sourceTree = "<group>";
		};
		EB54758929FFAA2E0031BB5B /* Resources */ = {
			isa = PBXGroup;
			children = (
				EB54757829FFA9F00031BB5B /* Assets.xcassets */,
				EB54756F29FFA9EF0031BB5B /* AppDelegate.swift */,
				EB54757129FFA9EF0031BB5B /* SceneDelegate.swift */,
				EB0091F72A0185300071E0E1 /* Extensions.swift */,
			);
			path = Resources;
			sourceTree = "<group>";
		};
		EB69803529FFD3E300AB4D9D /* Core */ = {
			isa = PBXGroup;
			children = (
				EB69803329FFB0C100AB4D9D /* TabBarViewController.swift */,
				EB54757329FFA9EF0031BB5B /* HomeViewController.swift */,
				EB69802F29FFB09A00AB4D9D /* SearchViewController.swift */,
				EB69803129FFB0A600AB4D9D /* LibraryViewController.swift */,
			);
			path = Core;
			sourceTree = "<group>";
		};
		EB69803629FFD3F000AB4D9D /* Other */ = {
			isa = PBXGroup;
			children = (
				EB69803F29FFE42D00AB4D9D /* WelcomeViewController.swift */,
				EB69803C29FFE41600AB4D9D /* AuthViewController.swift */,
				EB69804129FFE43900AB4D9D /* SettingsViewController.swift */,
				EB69804329FFE44300AB4D9D /* ProfileViewController.swift */,
				EB69804529FFE44C00AB4D9D /* PlayerViewController.swift */,
				EB69804729FFE45900AB4D9D /* PlayListViewController.swift */,
				EB69804929FFE46D00AB4D9D /* SearchResultsViewController.swift */,
				EB1A628B2A0C301100B703DA /* AlbumViewController.swift */,
			);
			path = Other;
			sourceTree = "<group>";
		};
/* End PBXGroup section */

/* Begin PBXNativeTarget section */
		EB54756B29FFA9EF0031BB5B /* Spotify */ = {
			isa = PBXNativeTarget;
			buildConfigurationList = EB54758029FFA9F00031BB5B /* Build configuration list for PBXNativeTarget "Spotify" */;
			buildPhases = (
				2E05968A00337C3E621D5334 /* [CP] Check Pods Manifest.lock */,
				EB54756829FFA9EF0031BB5B /* Sources */,
				EB54756929FFA9EF0031BB5B /* Frameworks */,
				EB54756A29FFA9EF0031BB5B /* Resources */,
				F9AE3B4A092ABED7E09FD5D0 /* [CP] Embed Pods Frameworks */,
			);
			buildRules = (
			);
			dependencies = (
			);
			name = Spotify;
			productName = Spotify;
			productReference = EB54756C29FFA9EF0031BB5B /* Spotify.app */;
			productType = "com.apple.product-type.application";
		};
/* End PBXNativeTarget section */

/* Begin PBXProject section */
		EB54756429FFA9EF0031BB5B /* Project object */ = {
			isa = PBXProject;
			attributes = {
				BuildIndependentTargetsInParallel = 1;
				LastSwiftUpdateCheck = 1430;
				LastUpgradeCheck = 1430;
				TargetAttributes = {
					EB54756B29FFA9EF0031BB5B = {
						CreatedOnToolsVersion = 14.3;
					};
				};
			};
			buildConfigurationList = EB54756729FFA9EF0031BB5B /* Build configuration list for PBXProject "Spotify" */;
			compatibilityVersion = "Xcode 14.0";
			developmentRegion = en;
			hasScannedForEncodings = 0;
			knownRegions = (
				en,
				Base,
			);
			mainGroup = EB54756329FFA9EF0031BB5B;
			productRefGroup = EB54756D29FFA9EF0031BB5B /* Products */;
			projectDirPath = "";
			projectRoot = "";
			targets = (
				EB54756B29FFA9EF0031BB5B /* Spotify */,
			);
		};
/* End PBXProject section */

/* Begin PBXResourcesBuildPhase section */
		EB54756A29FFA9EF0031BB5B /* Resources */ = {
			isa = PBXResourcesBuildPhase;
			buildActionMask = 2147483647;
			files = (
				EB54757C29FFA9F00031BB5B /* LaunchScreen.storyboard in Resources */,
				EB54757929FFA9F00031BB5B /* Assets.xcassets in Resources */,
			);
			runOnlyForDeploymentPostprocessing = 0;
		};
/* End PBXResourcesBuildPhase section */

/* Begin PBXShellScriptBuildPhase section */
		2E05968A00337C3E621D5334 /* [CP] Check Pods Manifest.lock */ = {
			isa = PBXShellScriptBuildPhase;
			buildActionMask = 2147483647;
			files = (
			);
			inputFileListPaths = (
			);
			inputPaths = (
				"${PODS_PODFILE_DIR_PATH}/Podfile.lock",
				"${PODS_ROOT}/Manifest.lock",
			);
			name = "[CP] Check Pods Manifest.lock";
			outputFileListPaths = (
			);
			outputPaths = (
				"$(DERIVED_FILE_DIR)/Pods-Spotify-checkManifestLockResult.txt",
			);
			runOnlyForDeploymentPostprocessing = 0;
			shellPath = /bin/sh;
			shellScript = "diff \"${PODS_PODFILE_DIR_PATH}/Podfile.lock\" \"${PODS_ROOT}/Manifest.lock\" > /dev/null\nif [ $? != 0 ] ; then\n    # print error to STDERR\n    echo \"error: The sandbox is not in sync with the Podfile.lock. Run 'pod install' or update your CocoaPods installation.\" >&2\n    exit 1\nfi\n# This output is used by Xcode 'outputs' to avoid re-running this script phase.\necho \"SUCCESS\" > \"${SCRIPT_OUTPUT_FILE_0}\"\n";
			showEnvVarsInLog = 0;
		};
		F9AE3B4A092ABED7E09FD5D0 /* [CP] Embed Pods Frameworks */ = {
			isa = PBXShellScriptBuildPhase;
			buildActionMask = 2147483647;
			files = (
			);
			inputFileListPaths = (
				"${PODS_ROOT}/Target Support Files/Pods-Spotify/Pods-Spotify-frameworks-${CONFIGURATION}-input-files.xcfilelist",
			);
			name = "[CP] Embed Pods Frameworks";
			outputFileListPaths = (
				"${PODS_ROOT}/Target Support Files/Pods-Spotify/Pods-Spotify-frameworks-${CONFIGURATION}-output-files.xcfilelist",
			);
			runOnlyForDeploymentPostprocessing = 0;
			shellPath = /bin/sh;
			shellScript = "\"${PODS_ROOT}/Target Support Files/Pods-Spotify/Pods-Spotify-frameworks.sh\"\n";
			showEnvVarsInLog = 0;
		};
/* End PBXShellScriptBuildPhase section */

/* Begin PBXSourcesBuildPhase section */
		EB54756829FFA9EF0031BB5B /* Sources */ = {
			isa = PBXSourcesBuildPhase;
			buildActionMask = 2147483647;
			files = (
				EB94DC3C2A0B9E200081A51A /* NewReleasesCellViewModel.swift in Sources */,
				EB54757429FFA9EF0031BB5B /* HomeViewController.swift in Sources */,
				EBE28F652A03E5AC00B370A8 /* SettingsViewModel.swift in Sources */,
				EB1A62902A0C3AEC00B703DA /* PlayListDetailsResponse.swift in Sources */,
				EB2483072A08EE5500E8488E /* RecommendedTrackCollectionViewCell.swift in Sources */,
				EB69804C29FFE48F00AB4D9D /* AuthManager.swift in Sources */,
				EB71BCC22A0551F600379723 /* GenresResponse.swift in Sources */,
				EB69804A29FFE46D00AB4D9D /* SearchResultsViewController.swift in Sources */,
				EB71BCBE2A05446C00379723 /* APIImage.swift in Sources */,
				EB69804029FFE42D00AB4D9D /* WelcomeViewController.swift in Sources */,
				EB69804429FFE44300AB4D9D /* ProfileViewController.swift in Sources */,
				EB69803229FFB0A600AB4D9D /* LibraryViewController.swift in Sources */,
				EB69805029FFE4DE00AB4D9D /* HapticsManager.swift in Sources */,
				EB1A628C2A0C301100B703DA /* AlbumViewController.swift in Sources */,
				EB54757029FFA9EF0031BB5B /* AppDelegate.swift in Sources */,
				EB71BCBC2A05413F00379723 /* NewReleasesResponse.swift in Sources */,
				EB0091FC2A01A87F0071E0E1 /* AuthResponse.swift in Sources */,
				EB69805429FFE50100AB4D9D /* AudioTrack.swift in Sources */,
				EB69803D29FFE41600AB4D9D /* AuthViewController.swift in Sources */,
				EB69805229FFE4F900AB4D9D /* PlayList.swift in Sources */,
				EB69803029FFB09A00AB4D9D /* SearchViewController.swift in Sources */,
				EB71BCC02A054D0700379723 /* FeaturedPlayListResponse.swift in Sources */,
				EB98C3152A0BEAE8002C28A9 /* FeaturedPlaylistsCellViewModel.swift in Sources */,
				EB1A628E2A0C37B600B703DA /* AlbumDetailsResponse.swift in Sources */,
				EB69805829FFE51600AB4D9D /* UserProfile.swift in Sources */,
				EB71BCC42A05556A00379723 /* Album.swift in Sources */,
				EB2483052A08EE4300E8488E /* FeaturedPlaylistCollectionViewCell.swift in Sources */,
				EB0091F82A0185300071E0E1 /* Extensions.swift in Sources */,
				EB2483032A08EE1D00E8488E /* NewReleasesCollectionViewCell.swift in Sources */,
				EB69803429FFB0C100AB4D9D /* TabBarViewController.swift in Sources */,
				EB69805629FFE50B00AB4D9D /* Artist.swift in Sources */,
				EB69804829FFE45900AB4D9D /* PlayListViewController.swift in Sources */,
				EB54757229FFA9EF0031BB5B /* SceneDelegate.swift in Sources */,
				EB69804629FFE44C00AB4D9D /* PlayerViewController.swift in Sources */,
				EB69804E29FFE49700AB4D9D /* APICaller.swift in Sources */,
				EB98C3172A0BEB2C002C28A9 /* RecommendedTracksCellViewModel.swift in Sources */,
				EB69804229FFE43900AB4D9D /* SettingsViewController.swift in Sources */,
				EB71BCC62A05558E00379723 /* RecommendationsResponse.swift in Sources */,
			);
			runOnlyForDeploymentPostprocessing = 0;
		};
/* End PBXSourcesBuildPhase section */

/* Begin PBXVariantGroup section */
		EB54757A29FFA9F00031BB5B /* LaunchScreen.storyboard */ = {
			isa = PBXVariantGroup;
			children = (
				EB54757B29FFA9F00031BB5B /* Base */,
			);
			name = LaunchScreen.storyboard;
			sourceTree = "<group>";
		};
/* End PBXVariantGroup section */

/* Begin XCBuildConfiguration section */
		EB54757E29FFA9F00031BB5B /* Debug */ = {
			isa = XCBuildConfiguration;
			buildSettings = {
				ALWAYS_SEARCH_USER_PATHS = NO;
				CLANG_ANALYZER_NONNULL = YES;
				CLANG_ANALYZER_NUMBER_OBJECT_CONVERSION = YES_AGGRESSIVE;
				CLANG_CXX_LANGUAGE_STANDARD = "gnu++20";
				CLANG_ENABLE_MODULES = YES;
				CLANG_ENABLE_OBJC_ARC = YES;
				CLANG_ENABLE_OBJC_WEAK = YES;
				CLANG_WARN_BLOCK_CAPTURE_AUTORELEASING = YES;
				CLANG_WARN_BOOL_CONVERSION = YES;
				CLANG_WARN_COMMA = YES;
				CLANG_WARN_CONSTANT_CONVERSION = YES;
				CLANG_WARN_DEPRECATED_OBJC_IMPLEMENTATIONS = YES;
				CLANG_WARN_DIRECT_OBJC_ISA_USAGE = YES_ERROR;
				CLANG_WARN_DOCUMENTATION_COMMENTS = YES;
				CLANG_WARN_EMPTY_BODY = YES;
				CLANG_WARN_ENUM_CONVERSION = YES;
				CLANG_WARN_INFINITE_RECURSION = YES;
				CLANG_WARN_INT_CONVERSION = YES;
				CLANG_WARN_NON_LITERAL_NULL_CONVERSION = YES;
				CLANG_WARN_OBJC_IMPLICIT_RETAIN_SELF = YES;
				CLANG_WARN_OBJC_LITERAL_CONVERSION = YES;
				CLANG_WARN_OBJC_ROOT_CLASS = YES_ERROR;
				CLANG_WARN_QUOTED_INCLUDE_IN_FRAMEWORK_HEADER = YES;
				CLANG_WARN_RANGE_LOOP_ANALYSIS = YES;
				CLANG_WARN_STRICT_PROTOTYPES = YES;
				CLANG_WARN_SUSPICIOUS_MOVE = YES;
				CLANG_WARN_UNGUARDED_AVAILABILITY = YES_AGGRESSIVE;
				CLANG_WARN_UNREACHABLE_CODE = YES;
				CLANG_WARN__DUPLICATE_METHOD_MATCH = YES;
				COPY_PHASE_STRIP = NO;
				DEBUG_INFORMATION_FORMAT = dwarf;
				ENABLE_STRICT_OBJC_MSGSEND = YES;
				ENABLE_TESTABILITY = YES;
				GCC_C_LANGUAGE_STANDARD = gnu11;
				GCC_DYNAMIC_NO_PIC = NO;
				GCC_NO_COMMON_BLOCKS = YES;
				GCC_OPTIMIZATION_LEVEL = 0;
				GCC_PREPROCESSOR_DEFINITIONS = (
					"DEBUG=1",
					"$(inherited)",
				);
				GCC_WARN_64_TO_32_BIT_CONVERSION = YES;
				GCC_WARN_ABOUT_RETURN_TYPE = YES_ERROR;
				GCC_WARN_UNDECLARED_SELECTOR = YES;
				GCC_WARN_UNINITIALIZED_AUTOS = YES_AGGRESSIVE;
				GCC_WARN_UNUSED_FUNCTION = YES;
				GCC_WARN_UNUSED_VARIABLE = YES;
				IPHONEOS_DEPLOYMENT_TARGET = 16.4;
				MTL_ENABLE_DEBUG_INFO = INCLUDE_SOURCE;
				MTL_FAST_MATH = YES;
				ONLY_ACTIVE_ARCH = YES;
				SDKROOT = iphoneos;
				SWIFT_ACTIVE_COMPILATION_CONDITIONS = DEBUG;
				SWIFT_OPTIMIZATION_LEVEL = "-Onone";
			};
			name = Debug;
		};
		EB54757F29FFA9F00031BB5B /* Release */ = {
			isa = XCBuildConfiguration;
			buildSettings = {
				ALWAYS_SEARCH_USER_PATHS = NO;
				CLANG_ANALYZER_NONNULL = YES;
				CLANG_ANALYZER_NUMBER_OBJECT_CONVERSION = YES_AGGRESSIVE;
				CLANG_CXX_LANGUAGE_STANDARD = "gnu++20";
				CLANG_ENABLE_MODULES = YES;
				CLANG_ENABLE_OBJC_ARC = YES;
				CLANG_ENABLE_OBJC_WEAK = YES;
				CLANG_WARN_BLOCK_CAPTURE_AUTORELEASING = YES;
				CLANG_WARN_BOOL_CONVERSION = YES;
				CLANG_WARN_COMMA = YES;
				CLANG_WARN_CONSTANT_CONVERSION = YES;
				CLANG_WARN_DEPRECATED_OBJC_IMPLEMENTATIONS = YES;
				CLANG_WARN_DIRECT_OBJC_ISA_USAGE = YES_ERROR;
				CLANG_WARN_DOCUMENTATION_COMMENTS = YES;
				CLANG_WARN_EMPTY_BODY = YES;
				CLANG_WARN_ENUM_CONVERSION = YES;
				CLANG_WARN_INFINITE_RECURSION = YES;
				CLANG_WARN_INT_CONVERSION = YES;
				CLANG_WARN_NON_LITERAL_NULL_CONVERSION = YES;
				CLANG_WARN_OBJC_IMPLICIT_RETAIN_SELF = YES;
				CLANG_WARN_OBJC_LITERAL_CONVERSION = YES;
				CLANG_WARN_OBJC_ROOT_CLASS = YES_ERROR;
				CLANG_WARN_QUOTED_INCLUDE_IN_FRAMEWORK_HEADER = YES;
				CLANG_WARN_RANGE_LOOP_ANALYSIS = YES;
				CLANG_WARN_STRICT_PROTOTYPES = YES;
				CLANG_WARN_SUSPICIOUS_MOVE = YES;
				CLANG_WARN_UNGUARDED_AVAILABILITY = YES_AGGRESSIVE;
				CLANG_WARN_UNREACHABLE_CODE = YES;
				CLANG_WARN__DUPLICATE_METHOD_MATCH = YES;
				COPY_PHASE_STRIP = NO;
				DEBUG_INFORMATION_FORMAT = "dwarf-with-dsym";
				ENABLE_NS_ASSERTIONS = NO;
				ENABLE_STRICT_OBJC_MSGSEND = YES;
				GCC_C_LANGUAGE_STANDARD = gnu11;
				GCC_NO_COMMON_BLOCKS = YES;
				GCC_WARN_64_TO_32_BIT_CONVERSION = YES;
				GCC_WARN_ABOUT_RETURN_TYPE = YES_ERROR;
				GCC_WARN_UNDECLARED_SELECTOR = YES;
				GCC_WARN_UNINITIALIZED_AUTOS = YES_AGGRESSIVE;
				GCC_WARN_UNUSED_FUNCTION = YES;
				GCC_WARN_UNUSED_VARIABLE = YES;
				IPHONEOS_DEPLOYMENT_TARGET = 16.4;
				MTL_ENABLE_DEBUG_INFO = NO;
				MTL_FAST_MATH = YES;
				SDKROOT = iphoneos;
				SWIFT_COMPILATION_MODE = wholemodule;
				SWIFT_OPTIMIZATION_LEVEL = "-O";
				VALIDATE_PRODUCT = YES;
			};
			name = Release;
		};
		EB54758129FFA9F00031BB5B /* Debug */ = {
			isa = XCBuildConfiguration;
			baseConfigurationReference = E2832E59082886D4D5E2C4CD /* Pods-Spotify.debug.xcconfig */;
			buildSettings = {
				ASSETCATALOG_COMPILER_APPICON_NAME = AppIcon;
				ASSETCATALOG_COMPILER_GLOBAL_ACCENT_COLOR_NAME = AccentColor;
				CODE_SIGN_STYLE = Automatic;
				CURRENT_PROJECT_VERSION = 1;
				DEVELOPMENT_TEAM = J2X5A4Y973;
				GENERATE_INFOPLIST_FILE = YES;
				INFOPLIST_FILE = Spotify/Info.plist;
				INFOPLIST_KEY_UIApplicationSupportsIndirectInputEvents = YES;
				INFOPLIST_KEY_UILaunchStoryboardName = LaunchScreen;
				INFOPLIST_KEY_UIRequiresFullScreen = YES;
				INFOPLIST_KEY_UISupportedInterfaceOrientations = UIInterfaceOrientationPortrait;
				LD_RUNPATH_SEARCH_PATHS = (
					"$(inherited)",
					"@executable_path/Frameworks",
				);
				MARKETING_VERSION = 1.0;
				PRODUCT_BUNDLE_IDENTIFIER = TestCompany.Spotify;
				PRODUCT_NAME = "$(TARGET_NAME)";
				SWIFT_EMIT_LOC_STRINGS = YES;
				SWIFT_VERSION = 5.0;
				TARGETED_DEVICE_FAMILY = "1,2";
			};
			name = Debug;
		};
		EB54758229FFA9F00031BB5B /* Release */ = {
			isa = XCBuildConfiguration;
			baseConfigurationReference = AEE31D1ACA6F6F36F34E1BE0 /* Pods-Spotify.release.xcconfig */;
			buildSettings = {
				ASSETCATALOG_COMPILER_APPICON_NAME = AppIcon;
				ASSETCATALOG_COMPILER_GLOBAL_ACCENT_COLOR_NAME = AccentColor;
				CODE_SIGN_STYLE = Automatic;
				CURRENT_PROJECT_VERSION = 1;
				DEVELOPMENT_TEAM = J2X5A4Y973;
				GENERATE_INFOPLIST_FILE = YES;
				INFOPLIST_FILE = Spotify/Info.plist;
				INFOPLIST_KEY_UIApplicationSupportsIndirectInputEvents = YES;
				INFOPLIST_KEY_UILaunchStoryboardName = LaunchScreen;
				INFOPLIST_KEY_UIRequiresFullScreen = YES;
				INFOPLIST_KEY_UISupportedInterfaceOrientations = UIInterfaceOrientationPortrait;
				LD_RUNPATH_SEARCH_PATHS = (
					"$(inherited)",
					"@executable_path/Frameworks",
				);
				MARKETING_VERSION = 1.0;
				PRODUCT_BUNDLE_IDENTIFIER = TestCompany.Spotify;
				PRODUCT_NAME = "$(TARGET_NAME)";
				SWIFT_EMIT_LOC_STRINGS = YES;
				SWIFT_VERSION = 5.0;
				TARGETED_DEVICE_FAMILY = "1,2";
			};
			name = Release;
		};
/* End XCBuildConfiguration section */

/* Begin XCConfigurationList section */
		EB54756729FFA9EF0031BB5B /* Build configuration list for PBXProject "Spotify" */ = {
			isa = XCConfigurationList;
			buildConfigurations = (
				EB54757E29FFA9F00031BB5B /* Debug */,
				EB54757F29FFA9F00031BB5B /* Release */,
			);
			defaultConfigurationIsVisible = 0;
			defaultConfigurationName = Release;
		};
		EB54758029FFA9F00031BB5B /* Build configuration list for PBXNativeTarget "Spotify" */ = {
			isa = XCConfigurationList;
			buildConfigurations = (
				EB54758129FFA9F00031BB5B /* Debug */,
				EB54758229FFA9F00031BB5B /* Release */,
			);
			defaultConfigurationIsVisible = 0;
			defaultConfigurationName = Release;
		};
/* End XCConfigurationList section */
	};
	rootObject = EB54756429FFA9EF0031BB5B /* Project object */;
}
